# This file is automatically @generated by pesde.
# It is not intended for manual editing.
format = 2
name = "your_scope/root"
version = "0.0.1"
target = "roblox"

[workspace."your_scope/lobby"]
roblox = "places/lobby"

[workspace."your_scope/scripts"]
luau = "scripts"

[workspace."your_scope/shared"]
roblox = "packages/shared"
